// !$*UTF8*$!
{
	archiveVersion = 1;
	classes = {
	};
	objectVersion = 51;
	objects = {

/* Begin PBXBuildFile section */
		6DD2E7B1982E5FD546DC5602 /* Pods_metro_maps.framework in Frameworks */ = {isa = PBXBuildFile; fileRef = E484878DD277FAE2DFAF3D80 /* Pods_metro_maps.framework */; };
		B7F1640B254D713E00008FBB /* AppDelegate.swift in Sources */ = {isa = PBXBuildFile; fileRef = B7F1640A254D713E00008FBB /* AppDelegate.swift */; };
		B7F1640D254D713E00008FBB /* SceneDelegate.swift in Sources */ = {isa = PBXBuildFile; fileRef = B7F1640C254D713E00008FBB /* SceneDelegate.swift */; };
		B7F16412254D713E00008FBB /* Main.storyboard in Resources */ = {isa = PBXBuildFile; fileRef = B7F16410254D713E00008FBB /* Main.storyboard */; };
		B7F16414254D713F00008FBB /* Assets.xcassets in Resources */ = {isa = PBXBuildFile; fileRef = B7F16413254D713F00008FBB /* Assets.xcassets */; };
		B7F16417254D713F00008FBB /* LaunchScreen.storyboard in Resources */ = {isa = PBXBuildFile; fileRef = B7F16415254D713F00008FBB /* LaunchScreen.storyboard */; };
		B7FD57C4254D9D7600A31385 /* MainMetroViewController.swift in Sources */ = {isa = PBXBuildFile; fileRef = B7FD57C3254D9D7600A31385 /* MainMetroViewController.swift */; };
		B7FD57C7254D9DF400A31385 /* helper_NodeName.swift in Sources */ = {isa = PBXBuildFile; fileRef = B7FD57C6254D9DF400A31385 /* helper_NodeName.swift */; };
		B7FD57CC254D9F1200A31385 /* SVGLayoutController.swift in Sources */ = {isa = PBXBuildFile; fileRef = B7FD57CB254D9F1200A31385 /* SVGLayoutController.swift */; };
		B7FD57D5254D9FD600A31385 /* ScrollViewControllerLayout.swift in Sources */ = {isa = PBXBuildFile; fileRef = B7FD57D4254D9FD600A31385 /* ScrollViewControllerLayout.swift */; };
		B7FD57D8254DA06A00A31385 /* ViewDrawSvgController.swift in Sources */ = {isa = PBXBuildFile; fileRef = B7FD57D7254DA06A00A31385 /* ViewDrawSvgController.swift */; };
		B7FD57DC254DA0C300A31385 /* ComputedRoute.swift in Sources */ = {isa = PBXBuildFile; fileRef = B7FD57DB254DA0C300A31385 /* ComputedRoute.swift */; };
		B7FD57DF254DA26400A31385 /* mt_hack_2020.svg in Resources */ = {isa = PBXBuildFile; fileRef = B7FD57DE254DA26400A31385 /* mt_hack_2020.svg */; };
		B7FD57E4254DA97400A31385 /* ModelStation.swift in Sources */ = {isa = PBXBuildFile; fileRef = B7FD57E3254DA97400A31385 /* ModelStation.swift */; };
		B7FD57F0254DAB4F00A31385 /* RealmController.swift in Sources */ = {isa = PBXBuildFile; fileRef = B7FD57EF254DAB4F00A31385 /* RealmController.swift */; };
		B7FD5807254DDBCA00A31385 /* MaterialView.swift in Sources */ = {isa = PBXBuildFile; fileRef = B7FD5806254DDBCA00A31385 /* MaterialView.swift */; };
		B7FD5810254E2ADB00A31385 /* mt_hack_2020witoutTapGrid_night.svg in Resources */ = {isa = PBXBuildFile; fileRef = B7FD580F254E2ADB00A31385 /* mt_hack_2020witoutTapGrid_night.svg */; };
		B7FD581A254E469800A31385 /* MapSceneController.swift in Sources */ = {isa = PBXBuildFile; fileRef = B7FD5819254E469800A31385 /* MapSceneController.swift */; };
		B7FD581D254E477F00A31385 /* LocationManager.swift in Sources */ = {isa = PBXBuildFile; fileRef = B7FD581C254E477F00A31385 /* LocationManager.swift */; };
		B7FD5821254E4A4100A31385 /* RouteBuild+Helper.swift in Sources */ = {isa = PBXBuildFile; fileRef = B7FD5820254E4A4100A31385 /* RouteBuild+Helper.swift */; };
		B7FD5825254E4D0600A31385 /* CoreGraphicsView.swift in Sources */ = {isa = PBXBuildFile; fileRef = B7FD5824254E4D0600A31385 /* CoreGraphicsView.swift */; };
		B7FD5830254E602800A31385 /* RealmTableView.swift in Sources */ = {isa = PBXBuildFile; fileRef = B7FD582F254E602700A31385 /* RealmTableView.swift */; };
		B7FD5834254E62CF00A31385 /* NetworkService.swift in Sources */ = {isa = PBXBuildFile; fileRef = B7FD5833254E62CF00A31385 /* NetworkService.swift */; };
		B7FD5837254E778E00A31385 /* MosDataExit.swift in Sources */ = {isa = PBXBuildFile; fileRef = B7FD5836254E778E00A31385 /* MosDataExit.swift */; };
		B7FD5842254E953500A31385 /* SceneARStation.swift in Sources */ = {isa = PBXBuildFile; fileRef = B7FD5841254E953500A31385 /* SceneARStation.swift */; };
/* End PBXBuildFile section */

/* Begin PBXFileReference section */
		4CF18353136075DBF312E34E /* Pods-metro_maps.release.xcconfig */ = {isa = PBXFileReference; includeInIndex = 1; lastKnownFileType = text.xcconfig; name = "Pods-metro_maps.release.xcconfig"; path = "Target Support Files/Pods-metro_maps/Pods-metro_maps.release.xcconfig"; sourceTree = "<group>"; };
		5B138DD9F899F2DBE4E2E5DC /* Pods-metro_maps.debug.xcconfig */ = {isa = PBXFileReference; includeInIndex = 1; lastKnownFileType = text.xcconfig; name = "Pods-metro_maps.debug.xcconfig"; path = "Target Support Files/Pods-metro_maps/Pods-metro_maps.debug.xcconfig"; sourceTree = "<group>"; };
		B7F16407254D713E00008FBB /* metro_maps.app */ = {isa = PBXFileReference; explicitFileType = wrapper.application; includeInIndex = 0; path = metro_maps.app; sourceTree = BUILT_PRODUCTS_DIR; };
		B7F1640A254D713E00008FBB /* AppDelegate.swift */ = {isa = PBXFileReference; lastKnownFileType = sourcecode.swift; path = AppDelegate.swift; sourceTree = "<group>"; };
		B7F1640C254D713E00008FBB /* SceneDelegate.swift */ = {isa = PBXFileReference; lastKnownFileType = sourcecode.swift; path = SceneDelegate.swift; sourceTree = "<group>"; };
		B7F16411254D713E00008FBB /* Base */ = {isa = PBXFileReference; lastKnownFileType = file.storyboard; name = Base; path = Base.lproj/Main.storyboard; sourceTree = "<group>"; };
		B7F16413254D713F00008FBB /* Assets.xcassets */ = {isa = PBXFileReference; lastKnownFileType = folder.assetcatalog; path = Assets.xcassets; sourceTree = "<group>"; };
		B7F16416254D713F00008FBB /* Base */ = {isa = PBXFileReference; lastKnownFileType = file.storyboard; name = Base; path = Base.lproj/LaunchScreen.storyboard; sourceTree = "<group>"; };
		B7F16418254D713F00008FBB /* Info.plist */ = {isa = PBXFileReference; lastKnownFileType = text.plist.xml; path = Info.plist; sourceTree = "<group>"; };
		B7FD57C3254D9D7600A31385 /* MainMetroViewController.swift */ = {isa = PBXFileReference; lastKnownFileType = sourcecode.swift; path = MainMetroViewController.swift; sourceTree = "<group>"; };
		B7FD57C6254D9DF400A31385 /* helper_NodeName.swift */ = {isa = PBXFileReference; lastKnownFileType = sourcecode.swift; path = helper_NodeName.swift; sourceTree = "<group>"; };
		B7FD57CB254D9F1200A31385 /* SVGLayoutController.swift */ = {isa = PBXFileReference; lastKnownFileType = sourcecode.swift; path = SVGLayoutController.swift; sourceTree = "<group>"; };
		B7FD57D4254D9FD600A31385 /* ScrollViewControllerLayout.swift */ = {isa = PBXFileReference; lastKnownFileType = sourcecode.swift; path = ScrollViewControllerLayout.swift; sourceTree = "<group>"; };
		B7FD57D7254DA06A00A31385 /* ViewDrawSvgController.swift */ = {isa = PBXFileReference; lastKnownFileType = sourcecode.swift; path = ViewDrawSvgController.swift; sourceTree = "<group>"; };
		B7FD57DB254DA0C300A31385 /* ComputedRoute.swift */ = {isa = PBXFileReference; lastKnownFileType = sourcecode.swift; path = ComputedRoute.swift; sourceTree = "<group>"; };
		B7FD57DE254DA26400A31385 /* mt_hack_2020.svg */ = {isa = PBXFileReference; lastKnownFileType = text.xml; path = mt_hack_2020.svg; sourceTree = SOURCE_ROOT; };
		B7FD57E3254DA97400A31385 /* ModelStation.swift */ = {isa = PBXFileReference; lastKnownFileType = sourcecode.swift; path = ModelStation.swift; sourceTree = "<group>"; };
		B7FD57EF254DAB4F00A31385 /* RealmController.swift */ = {isa = PBXFileReference; lastKnownFileType = sourcecode.swift; path = RealmController.swift; sourceTree = "<group>"; };
		B7FD5806254DDBCA00A31385 /* MaterialView.swift */ = {isa = PBXFileReference; lastKnownFileType = sourcecode.swift; path = MaterialView.swift; sourceTree = "<group>"; };
		B7FD580F254E2ADB00A31385 /* mt_hack_2020witoutTapGrid_night.svg */ = {isa = PBXFileReference; lastKnownFileType = file; path = mt_hack_2020witoutTapGrid_night.svg; sourceTree = SOURCE_ROOT; };
		B7FD5819254E469800A31385 /* MapSceneController.swift */ = {isa = PBXFileReference; lastKnownFileType = sourcecode.swift; path = MapSceneController.swift; sourceTree = "<group>"; };
		B7FD581C254E477F00A31385 /* LocationManager.swift */ = {isa = PBXFileReference; lastKnownFileType = sourcecode.swift; path = LocationManager.swift; sourceTree = "<group>"; };
		B7FD5820254E4A4100A31385 /* RouteBuild+Helper.swift */ = {isa = PBXFileReference; lastKnownFileType = sourcecode.swift; path = "RouteBuild+Helper.swift"; sourceTree = "<group>"; };
		B7FD5824254E4D0600A31385 /* CoreGraphicsView.swift */ = {isa = PBXFileReference; lastKnownFileType = sourcecode.swift; path = CoreGraphicsView.swift; sourceTree = "<group>"; };
		B7FD582F254E602700A31385 /* RealmTableView.swift */ = {isa = PBXFileReference; lastKnownFileType = sourcecode.swift; path = RealmTableView.swift; sourceTree = "<group>"; };
		B7FD5833254E62CF00A31385 /* NetworkService.swift */ = {isa = PBXFileReference; lastKnownFileType = sourcecode.swift; path = NetworkService.swift; sourceTree = "<group>"; };
		B7FD5836254E778E00A31385 /* MosDataExit.swift */ = {isa = PBXFileReference; lastKnownFileType = sourcecode.swift; path = MosDataExit.swift; sourceTree = "<group>"; };
		B7FD5841254E953500A31385 /* SceneARStation.swift */ = {isa = PBXFileReference; lastKnownFileType = sourcecode.swift; path = SceneARStation.swift; sourceTree = "<group>"; };
		E484878DD277FAE2DFAF3D80 /* Pods_metro_maps.framework */ = {isa = PBXFileReference; explicitFileType = wrapper.framework; includeInIndex = 0; path = Pods_metro_maps.framework; sourceTree = BUILT_PRODUCTS_DIR; };
/* End PBXFileReference section */

/* Begin PBXFrameworksBuildPhase section */
		B7F16404254D713E00008FBB /* Frameworks */ = {
			isa = PBXFrameworksBuildPhase;
			buildActionMask = 2147483647;
			files = (
				6DD2E7B1982E5FD546DC5602 /* Pods_metro_maps.framework in Frameworks */,
			);
			runOnlyForDeploymentPostprocessing = 0;
		};
/* End PBXFrameworksBuildPhase section */

/* Begin PBXGroup section */
		A0DF9F85E7C9D926336F079F /* Pods */ = {
			isa = PBXGroup;
			children = (
				5B138DD9F899F2DBE4E2E5DC /* Pods-metro_maps.debug.xcconfig */,
				4CF18353136075DBF312E34E /* Pods-metro_maps.release.xcconfig */,
			);
			path = Pods;
			sourceTree = "<group>";
		};
		B7F163FE254D713E00008FBB = {
			isa = PBXGroup;
			children = (
				B7F16409254D713E00008FBB /* metro_maps */,
				B7F16408254D713E00008FBB /* Products */,
				A0DF9F85E7C9D926336F079F /* Pods */,
				E3D873DCDAD9393DA165A28D /* Frameworks */,
			);
			sourceTree = "<group>";
		};
		B7F16408254D713E00008FBB /* Products */ = {
			isa = PBXGroup;
			children = (
				B7F16407254D713E00008FBB /* metro_maps.app */,
			);
			name = Products;
			sourceTree = "<group>";
		};
		B7F16409254D713E00008FBB /* metro_maps */ = {
			isa = PBXGroup;
			children = (
				B7FD580F254E2ADB00A31385 /* mt_hack_2020witoutTapGrid_night.svg */,
				B7FD57DE254DA26400A31385 /* mt_hack_2020.svg */,
				B7FD57B9254D9C5200A31385 /* Application */,
				B7F16413254D713F00008FBB /* Assets.xcassets */,
				B7F16415254D713F00008FBB /* LaunchScreen.storyboard */,
				B7F16418254D713F00008FBB /* Info.plist */,
			);
			path = metro_maps;
			sourceTree = "<group>";
		};
		B7FD57B9254D9C5200A31385 /* Application */ = {
			isa = PBXGroup;
			children = (
				B7FD5840254E951C00A31385 /* ARSceneController */,
				B7FD5823254E4CE800A31385 /* CoreGraphicsView */,
				B7FD5816254E465B00A31385 /* MapsViewClass */,
				B7FD57E1254DA94400A31385 /* RealmMetroStation */,
				B7FD57DA254DA0A300A31385 /* RouteFindClass */,
				B7FD57CF254D9F7B00A31385 /* ScrollViewLayoutController */,
				B7FD57C9254D9EED00A31385 /* LayoutSVGController */,
				B7FD57BD254D9C6900A31385 /* Controller */,
				B7FD57BB254D9C6300A31385 /* Model */,
				B7FD57BA254D9C5E00A31385 /* View */,
			);
			path = Application;
			sourceTree = "<group>";
		};
		B7FD57BA254D9C5E00A31385 /* View */ = {
			isa = PBXGroup;
			children = (
				B7F16410254D713E00008FBB /* Main.storyboard */,
			);
			path = View;
			sourceTree = "<group>";
		};
		B7FD57BB254D9C6300A31385 /* Model */ = {
			isa = PBXGroup;
			children = (
				B7F1640A254D713E00008FBB /* AppDelegate.swift */,
				B7F1640C254D713E00008FBB /* SceneDelegate.swift */,
				B7FD5806254DDBCA00A31385 /* MaterialView.swift */,
			);
			path = Model;
			sourceTree = "<group>";
		};
		B7FD57BD254D9C6900A31385 /* Controller */ = {
			isa = PBXGroup;
			children = (
				B7FD57C3254D9D7600A31385 /* MainMetroViewController.swift */,
				B7FD57C6254D9DF400A31385 /* helper_NodeName.swift */,
			);
			path = Controller;
			sourceTree = "<group>";
		};
		B7FD57C9254D9EED00A31385 /* LayoutSVGController */ = {
			isa = PBXGroup;
			children = (
				B7FD57CA254D9EF900A31385 /* ViewController */,
			);
			path = LayoutSVGController;
			sourceTree = "<group>";
		};
		B7FD57CA254D9EF900A31385 /* ViewController */ = {
			isa = PBXGroup;
			children = (
				B7FD57CB254D9F1200A31385 /* SVGLayoutController.swift */,
				B7FD57D7254DA06A00A31385 /* ViewDrawSvgController.swift */,
			);
			path = ViewController;
			sourceTree = "<group>";
		};
		B7FD57CF254D9F7B00A31385 /* ScrollViewLayoutController */ = {
			isa = PBXGroup;
			children = (
				B7FD57D4254D9FD600A31385 /* ScrollViewControllerLayout.swift */,
			);
			path = ScrollViewLayoutController;
			sourceTree = "<group>";
		};
		B7FD57DA254DA0A300A31385 /* RouteFindClass */ = {
			isa = PBXGroup;
			children = (
				B7FD57DB254DA0C300A31385 /* ComputedRoute.swift */,
			);
			path = RouteFindClass;
			sourceTree = "<group>";
		};
		B7FD57E1254DA94400A31385 /* RealmMetroStation */ = {
			isa = PBXGroup;
			children = (
				B7FD57E2254DA95400A31385 /* Model */,
			);
			path = RealmMetroStation;
			sourceTree = "<group>";
		};
		B7FD57E2254DA95400A31385 /* Model */ = {
			isa = PBXGroup;
			children = (
				B7FD57E3254DA97400A31385 /* ModelStation.swift */,
				B7FD57EF254DAB4F00A31385 /* RealmController.swift */,
				B7FD5836254E778E00A31385 /* MosDataExit.swift */,
			);
			path = Model;
			sourceTree = "<group>";
		};
		B7FD5816254E465B00A31385 /* MapsViewClass */ = {
			isa = PBXGroup;
			children = (
				B7FD5818254E467200A31385 /* Helper+LocationManager */,
				B7FD5817254E466A00A31385 /* ViewController */,
			);
			path = MapsViewClass;
			sourceTree = "<group>";
		};
		B7FD5817254E466A00A31385 /* ViewController */ = {
			isa = PBXGroup;
			children = (
				B7FD5819254E469800A31385 /* MapSceneController.swift */,
				B7FD5820254E4A4100A31385 /* RouteBuild+Helper.swift */,
				B7FD582F254E602700A31385 /* RealmTableView.swift */,
				B7FD5833254E62CF00A31385 /* NetworkService.swift */,
			);
			path = ViewController;
			sourceTree = "<group>";
		};
		B7FD5818254E467200A31385 /* Helper+LocationManager */ = {
			isa = PBXGroup;
			children = (
				B7FD581C254E477F00A31385 /* LocationManager.swift */,
			);
			path = "Helper+LocationManager";
			sourceTree = "<group>";
		};
		B7FD5823254E4CE800A31385 /* CoreGraphicsView */ = {
			isa = PBXGroup;
			children = (
				B7FD5824254E4D0600A31385 /* CoreGraphicsView.swift */,
			);
			path = CoreGraphicsView;
			sourceTree = "<group>";
		};
		B7FD5840254E951C00A31385 /* ARSceneController */ = {
			isa = PBXGroup;
			children = (
				B7FD5841254E953500A31385 /* SceneARStation.swift */,
			);
			path = ARSceneController;
			sourceTree = "<group>";
		};
		E3D873DCDAD9393DA165A28D /* Frameworks */ = {
			isa = PBXGroup;
			children = (
				E484878DD277FAE2DFAF3D80 /* Pods_metro_maps.framework */,
			);
			name = Frameworks;
			sourceTree = "<group>";
		};
/* End PBXGroup section */

/* Begin PBXNativeTarget section */
		B7F16406254D713E00008FBB /* metro_maps */ = {
			isa = PBXNativeTarget;
			buildConfigurationList = B7F1641B254D713F00008FBB /* Build configuration list for PBXNativeTarget "metro_maps" */;
			buildPhases = (
				9D5E1E6E51129EB95B2404F3 /* [CP] Check Pods Manifest.lock */,
				B7F16403254D713E00008FBB /* Sources */,
				B7F16404254D713E00008FBB /* Frameworks */,
				B7F16405254D713E00008FBB /* Resources */,
				D76F70390C0396355F7CD8FE /* [CP] Embed Pods Frameworks */,
			);
			buildRules = (
			);
			dependencies = (
			);
			name = metro_maps;
			productName = metro_maps;
			productReference = B7F16407254D713E00008FBB /* metro_maps.app */;
			productType = "com.apple.product-type.application";
		};
/* End PBXNativeTarget section */

/* Begin PBXProject section */
		B7F163FF254D713E00008FBB /* Project object */ = {
			isa = PBXProject;
			attributes = {
				LastSwiftUpdateCheck = 1200;
				LastUpgradeCheck = 1200;
				TargetAttributes = {
					B7F16406254D713E00008FBB = {
						CreatedOnToolsVersion = 12.0.1;
					};
				};
			};
			buildConfigurationList = B7F16402254D713E00008FBB /* Build configuration list for PBXProject "metro_maps" */;
			compatibilityVersion = "Xcode 9.3";
			developmentRegion = en;
			hasScannedForEncodings = 0;
			knownRegions = (
				en,
				Base,
			);
			mainGroup = B7F163FE254D713E00008FBB;
			productRefGroup = B7F16408254D713E00008FBB /* Products */;
			projectDirPath = "";
			projectRoot = "";
			targets = (
				B7F16406254D713E00008FBB /* metro_maps */,
			);
		};
/* End PBXProject section */

/* Begin PBXResourcesBuildPhase section */
		B7F16405254D713E00008FBB /* Resources */ = {
			isa = PBXResourcesBuildPhase;
			buildActionMask = 2147483647;
			files = (
				B7FD57DF254DA26400A31385 /* mt_hack_2020.svg in Resources */,
				B7F16417254D713F00008FBB /* LaunchScreen.storyboard in Resources */,
				B7F16414254D713F00008FBB /* Assets.xcassets in Resources */,
				B7F16412254D713E00008FBB /* Main.storyboard in Resources */,
				B7FD5810254E2ADB00A31385 /* mt_hack_2020witoutTapGrid_night.svg in Resources */,
			);
			runOnlyForDeploymentPostprocessing = 0;
		};
/* End PBXResourcesBuildPhase section */

/* Begin PBXShellScriptBuildPhase section */
		9D5E1E6E51129EB95B2404F3 /* [CP] Check Pods Manifest.lock */ = {
			isa = PBXShellScriptBuildPhase;
			buildActionMask = 2147483647;
			files = (
			);
			inputFileListPaths = (
			);
			inputPaths = (
				"${PODS_PODFILE_DIR_PATH}/Podfile.lock",
				"${PODS_ROOT}/Manifest.lock",
			);
			name = "[CP] Check Pods Manifest.lock";
			outputFileListPaths = (
			);
			outputPaths = (
				"$(DERIVED_FILE_DIR)/Pods-metro_maps-checkManifestLockResult.txt",
			);
			runOnlyForDeploymentPostprocessing = 0;
			shellPath = /bin/sh;
			shellScript = "diff \"${PODS_PODFILE_DIR_PATH}/Podfile.lock\" \"${PODS_ROOT}/Manifest.lock\" > /dev/null\nif [ $? != 0 ] ; then\n    # print error to STDERR\n    echo \"error: The sandbox is not in sync with the Podfile.lock. Run 'pod install' or update your CocoaPods installation.\" >&2\n    exit 1\nfi\n# This output is used by Xcode 'outputs' to avoid re-running this script phase.\necho \"SUCCESS\" > \"${SCRIPT_OUTPUT_FILE_0}\"\n";
			showEnvVarsInLog = 0;
		};
		D76F70390C0396355F7CD8FE /* [CP] Embed Pods Frameworks */ = {
			isa = PBXShellScriptBuildPhase;
			buildActionMask = 2147483647;
			files = (
			);
			inputFileListPaths = (
				"${PODS_ROOT}/Target Support Files/Pods-metro_maps/Pods-metro_maps-frameworks-${CONFIGURATION}-input-files.xcfilelist",
			);
			name = "[CP] Embed Pods Frameworks";
			outputFileListPaths = (
				"${PODS_ROOT}/Target Support Files/Pods-metro_maps/Pods-metro_maps-frameworks-${CONFIGURATION}-output-files.xcfilelist",
			);
			runOnlyForDeploymentPostprocessing = 0;
			shellPath = /bin/sh;
			shellScript = "\"${PODS_ROOT}/Target Support Files/Pods-metro_maps/Pods-metro_maps-frameworks.sh\"\n";
			showEnvVarsInLog = 0;
		};
/* End PBXShellScriptBuildPhase section */

/* Begin PBXSourcesBuildPhase section */
		B7F16403254D713E00008FBB /* Sources */ = {
			isa = PBXSourcesBuildPhase;
			buildActionMask = 2147483647;
			files = (
				B7FD57F0254DAB4F00A31385 /* RealmController.swift in Sources */,
				B7FD57D5254D9FD600A31385 /* ScrollViewControllerLayout.swift in Sources */,
				B7F1640B254D713E00008FBB /* AppDelegate.swift in Sources */,
				B7FD581A254E469800A31385 /* MapSceneController.swift in Sources */,
				B7FD5830254E602800A31385 /* RealmTableView.swift in Sources */,
				B7FD5834254E62CF00A31385 /* NetworkService.swift in Sources */,
				B7FD57CC254D9F1200A31385 /* SVGLayoutController.swift in Sources */,
				B7FD5807254DDBCA00A31385 /* MaterialView.swift in Sources */,
				B7FD57E4254DA97400A31385 /* ModelStation.swift in Sources */,
				B7FD57C4254D9D7600A31385 /* MainMetroViewController.swift in Sources */,
				B7FD5825254E4D0600A31385 /* CoreGraphicsView.swift in Sources */,
				B7FD57C7254D9DF400A31385 /* helper_NodeName.swift in Sources */,
				B7F1640D254D713E00008FBB /* SceneDelegate.swift in Sources */,
				B7FD5837254E778E00A31385 /* MosDataExit.swift in Sources */,
				B7FD5821254E4A4100A31385 /* RouteBuild+Helper.swift in Sources */,
				B7FD57DC254DA0C300A31385 /* ComputedRoute.swift in Sources */,
				B7FD5842254E953500A31385 /* SceneARStation.swift in Sources */,
				B7FD57D8254DA06A00A31385 /* ViewDrawSvgController.swift in Sources */,
				B7FD581D254E477F00A31385 /* LocationManager.swift in Sources */,
			);
			runOnlyForDeploymentPostprocessing = 0;
		};
/* End PBXSourcesBuildPhase section */

/* Begin PBXVariantGroup section */
		B7F16410254D713E00008FBB /* Main.storyboard */ = {
			isa = PBXVariantGroup;
			children = (
				B7F16411254D713E00008FBB /* Base */,
			);
			name = Main.storyboard;
			sourceTree = "<group>";
		};
		B7F16415254D713F00008FBB /* LaunchScreen.storyboard */ = {
			isa = PBXVariantGroup;
			children = (
				B7F16416254D713F00008FBB /* Base */,
			);
			name = LaunchScreen.storyboard;
			sourceTree = "<group>";
		};
/* End PBXVariantGroup section */

/* Begin XCBuildConfiguration section */
		B7F16419254D713F00008FBB /* Debug */ = {
			isa = XCBuildConfiguration;
			buildSettings = {
				ALWAYS_SEARCH_USER_PATHS = NO;
				CLANG_ANALYZER_NONNULL = YES;
				CLANG_ANALYZER_NUMBER_OBJECT_CONVERSION = YES_AGGRESSIVE;
				CLANG_CXX_LANGUAGE_STANDARD = "gnu++14";
				CLANG_CXX_LIBRARY = "libc++";
				CLANG_ENABLE_MODULES = YES;
				CLANG_ENABLE_OBJC_ARC = YES;
				CLANG_ENABLE_OBJC_WEAK = YES;
				CLANG_WARN_BLOCK_CAPTURE_AUTORELEASING = YES;
				CLANG_WARN_BOOL_CONVERSION = YES;
				CLANG_WARN_COMMA = YES;
				CLANG_WARN_CONSTANT_CONVERSION = YES;
				CLANG_WARN_DEPRECATED_OBJC_IMPLEMENTATIONS = YES;
				CLANG_WARN_DIRECT_OBJC_ISA_USAGE = YES_ERROR;
				CLANG_WARN_DOCUMENTATION_COMMENTS = YES;
				CLANG_WARN_EMPTY_BODY = YES;
				CLANG_WARN_ENUM_CONVERSION = YES;
				CLANG_WARN_INFINITE_RECURSION = YES;
				CLANG_WARN_INT_CONVERSION = YES;
				CLANG_WARN_NON_LITERAL_NULL_CONVERSION = YES;
				CLANG_WARN_OBJC_IMPLICIT_RETAIN_SELF = YES;
				CLANG_WARN_OBJC_LITERAL_CONVERSION = YES;
				CLANG_WARN_OBJC_ROOT_CLASS = YES_ERROR;
				CLANG_WARN_QUOTED_INCLUDE_IN_FRAMEWORK_HEADER = YES;
				CLANG_WARN_RANGE_LOOP_ANALYSIS = YES;
				CLANG_WARN_STRICT_PROTOTYPES = YES;
				CLANG_WARN_SUSPICIOUS_MOVE = YES;
				CLANG_WARN_UNGUARDED_AVAILABILITY = YES_AGGRESSIVE;
				CLANG_WARN_UNREACHABLE_CODE = YES;
				CLANG_WARN__DUPLICATE_METHOD_MATCH = YES;
				COPY_PHASE_STRIP = NO;
				DEBUG_INFORMATION_FORMAT = dwarf;
				ENABLE_STRICT_OBJC_MSGSEND = YES;
				ENABLE_TESTABILITY = YES;
				GCC_C_LANGUAGE_STANDARD = gnu11;
				GCC_DYNAMIC_NO_PIC = NO;
				GCC_NO_COMMON_BLOCKS = YES;
				GCC_OPTIMIZATION_LEVEL = 0;
				GCC_PREPROCESSOR_DEFINITIONS = (
					"DEBUG=1",
					"$(inherited)",
				);
				GCC_WARN_64_TO_32_BIT_CONVERSION = YES;
				GCC_WARN_ABOUT_RETURN_TYPE = YES_ERROR;
				GCC_WARN_UNDECLARED_SELECTOR = YES;
				GCC_WARN_UNINITIALIZED_AUTOS = YES_AGGRESSIVE;
				GCC_WARN_UNUSED_FUNCTION = YES;
				GCC_WARN_UNUSED_VARIABLE = YES;
				IPHONEOS_DEPLOYMENT_TARGET = 14.0;
				MTL_ENABLE_DEBUG_INFO = INCLUDE_SOURCE;
				MTL_FAST_MATH = YES;
				ONLY_ACTIVE_ARCH = YES;
				SDKROOT = iphoneos;
				SWIFT_ACTIVE_COMPILATION_CONDITIONS = DEBUG;
				SWIFT_OPTIMIZATION_LEVEL = "-Onone";
			};
			name = Debug;
		};
		B7F1641A254D713F00008FBB /* Release */ = {
			isa = XCBuildConfiguration;
			buildSettings = {
				ALWAYS_SEARCH_USER_PATHS = NO;
				CLANG_ANALYZER_NONNULL = YES;
				CLANG_ANALYZER_NUMBER_OBJECT_CONVERSION = YES_AGGRESSIVE;
				CLANG_CXX_LANGUAGE_STANDARD = "gnu++14";
				CLANG_CXX_LIBRARY = "libc++";
				CLANG_ENABLE_MODULES = YES;
				CLANG_ENABLE_OBJC_ARC = YES;
				CLANG_ENABLE_OBJC_WEAK = YES;
				CLANG_WARN_BLOCK_CAPTURE_AUTORELEASING = YES;
				CLANG_WARN_BOOL_CONVERSION = YES;
				CLANG_WARN_COMMA = YES;
				CLANG_WARN_CONSTANT_CONVERSION = YES;
				CLANG_WARN_DEPRECATED_OBJC_IMPLEMENTATIONS = YES;
				CLANG_WARN_DIRECT_OBJC_ISA_USAGE = YES_ERROR;
				CLANG_WARN_DOCUMENTATION_COMMENTS = YES;
				CLANG_WARN_EMPTY_BODY = YES;
				CLANG_WARN_ENUM_CONVERSION = YES;
				CLANG_WARN_INFINITE_RECURSION = YES;
				CLANG_WARN_INT_CONVERSION = YES;
				CLANG_WARN_NON_LITERAL_NULL_CONVERSION = YES;
				CLANG_WARN_OBJC_IMPLICIT_RETAIN_SELF = YES;
				CLANG_WARN_OBJC_LITERAL_CONVERSION = YES;
				CLANG_WARN_OBJC_ROOT_CLASS = YES_ERROR;
				CLANG_WARN_QUOTED_INCLUDE_IN_FRAMEWORK_HEADER = YES;
				CLANG_WARN_RANGE_LOOP_ANALYSIS = YES;
				CLANG_WARN_STRICT_PROTOTYPES = YES;
				CLANG_WARN_SUSPICIOUS_MOVE = YES;
				CLANG_WARN_UNGUARDED_AVAILABILITY = YES_AGGRESSIVE;
				CLANG_WARN_UNREACHABLE_CODE = YES;
				CLANG_WARN__DUPLICATE_METHOD_MATCH = YES;
				COPY_PHASE_STRIP = NO;
				DEBUG_INFORMATION_FORMAT = "dwarf-with-dsym";
				ENABLE_NS_ASSERTIONS = NO;
				ENABLE_STRICT_OBJC_MSGSEND = YES;
				GCC_C_LANGUAGE_STANDARD = gnu11;
				GCC_NO_COMMON_BLOCKS = YES;
				GCC_WARN_64_TO_32_BIT_CONVERSION = YES;
				GCC_WARN_ABOUT_RETURN_TYPE = YES_ERROR;
				GCC_WARN_UNDECLARED_SELECTOR = YES;
				GCC_WARN_UNINITIALIZED_AUTOS = YES_AGGRESSIVE;
				GCC_WARN_UNUSED_FUNCTION = YES;
				GCC_WARN_UNUSED_VARIABLE = YES;
				IPHONEOS_DEPLOYMENT_TARGET = 14.0;
				MTL_ENABLE_DEBUG_INFO = NO;
				MTL_FAST_MATH = YES;
				SDKROOT = iphoneos;
				SWIFT_COMPILATION_MODE = wholemodule;
				SWIFT_OPTIMIZATION_LEVEL = "-O";
				VALIDATE_PRODUCT = YES;
			};
			name = Release;
		};
		B7F1641C254D713F00008FBB /* Debug */ = {
			isa = XCBuildConfiguration;
			baseConfigurationReference = 5B138DD9F899F2DBE4E2E5DC /* Pods-metro_maps.debug.xcconfig */;
			buildSettings = {
				ASSETCATALOG_COMPILER_APPICON_NAME = AppIcon;
				ASSETCATALOG_COMPILER_GLOBAL_ACCENT_COLOR_NAME = AccentColor;
				CODE_SIGN_STYLE = Automatic;
				DEVELOPMENT_TEAM = 9RCKEM6H93;
				INFOPLIST_FILE = metro_maps/Info.plist;
				IPHONEOS_DEPLOYMENT_TARGET = 13.5;
				LD_RUNPATH_SEARCH_PATHS = (
					"$(inherited)",
					"@executable_path/Frameworks",
				);
				PRODUCT_BUNDLE_IDENTIFIER = "brazilec22.hack.org.metro-maps";
				PRODUCT_NAME = "$(TARGET_NAME)";
				SWIFT_VERSION = 5.0;
				TARGETED_DEVICE_FAMILY = "1,2";
			};
			name = Debug;
		};
		B7F1641D254D713F00008FBB /* Release */ = {
			isa = XCBuildConfiguration;
			baseConfigurationReference = 4CF18353136075DBF312E34E /* Pods-metro_maps.release.xcconfig */;
			buildSettings = {
				ASSETCATALOG_COMPILER_APPICON_NAME = AppIcon;
				ASSETCATALOG_COMPILER_GLOBAL_ACCENT_COLOR_NAME = AccentColor;
				CODE_SIGN_STYLE = Automatic;
				DEVELOPMENT_TEAM = 9RCKEM6H93;
				INFOPLIST_FILE = metro_maps/Info.plist;
				IPHONEOS_DEPLOYMENT_TARGET = 13.5;
				LD_RUNPATH_SEARCH_PATHS = (
					"$(inherited)",
					"@executable_path/Frameworks",
				);
				PRODUCT_BUNDLE_IDENTIFIER = "brazilec22.hack.org.metro-maps";
				PRODUCT_NAME = "$(TARGET_NAME)";
				SWIFT_VERSION = 5.0;
				TARGETED_DEVICE_FAMILY = "1,2";
			};
			name = Release;
		};
/* End XCBuildConfiguration section */

/* Begin XCConfigurationList section */
		B7F16402254D713E00008FBB /* Build configuration list for PBXProject "metro_maps" */ = {
			isa = XCConfigurationList;
			buildConfigurations = (
				B7F16419254D713F00008FBB /* Debug */,
				B7F1641A254D713F00008FBB /* Release */,
			);
			defaultConfigurationIsVisible = 0;
			defaultConfigurationName = Release;
		};
		B7F1641B254D713F00008FBB /* Build configuration list for PBXNativeTarget "metro_maps" */ = {
			isa = XCConfigurationList;
			buildConfigurations = (
				B7F1641C254D713F00008FBB /* Debug */,
				B7F1641D254D713F00008FBB /* Release */,
			);
			defaultConfigurationIsVisible = 0;
			defaultConfigurationName = Release;
		};
/* End XCConfigurationList section */
	};
	rootObject = B7F163FF254D713E00008FBB /* Project object */;
}
